// !$*UTF8*$!
{
	archiveVersion = 1;
	classes = {
	};
	objectVersion = 46;
	objects = {

/* Begin PBXBuildFile section */
		E2235E761AC109E1008C6234 /* MTechCalViewController.m in Sources */ = {isa = PBXBuildFile; fileRef = E2235E751AC109E1008C6234 /* MTechCalViewController.m */; };
		E27611EB1A8C244B00135601 /* main.m in Sources */ = {isa = PBXBuildFile; fileRef = E27611EA1A8C244B00135601 /* main.m */; };
		E27611EE1A8C244B00135601 /* AppDelegate.m in Sources */ = {isa = PBXBuildFile; fileRef = E27611ED1A8C244B00135601 /* AppDelegate.m */; };
		E27611F11A8C244B00135601 /* CalendarViewController.m in Sources */ = {isa = PBXBuildFile; fileRef = E27611F01A8C244B00135601 /* CalendarViewController.m */; };
		E27611F41A8C244B00135601 /* FeedViewController.m in Sources */ = {isa = PBXBuildFile; fileRef = E27611F31A8C244B00135601 /* FeedViewController.m */; };
		E27611F71A8C244B00135601 /* Main.storyboard in Resources */ = {isa = PBXBuildFile; fileRef = E27611F51A8C244B00135601 /* Main.storyboard */; };
		E27611F91A8C244B00135601 /* Images.xcassets in Resources */ = {isa = PBXBuildFile; fileRef = E27611F81A8C244B00135601 /* Images.xcassets */; };
		E27611FC1A8C244B00135601 /* LaunchScreen.xib in Resources */ = {isa = PBXBuildFile; fileRef = E27611FA1A8C244B00135601 /* LaunchScreen.xib */; };
		E27612081A8C244B00135601 /* MTech_iPadAppTests.m in Sources */ = {isa = PBXBuildFile; fileRef = E27612071A8C244B00135601 /* MTech_iPadAppTests.m */; };
		E2B58CA31AA90A280072F713 /* FFDayCalendarView.m in Sources */ = {isa = PBXBuildFile; fileRef = E2B58C1B1AA90A280072F713 /* FFDayCalendarView.m */; };
		E2B58CA41AA90A280072F713 /* FFDayHeaderButton.m in Sources */ = {isa = PBXBuildFile; fileRef = E2B58C1F1AA90A280072F713 /* FFDayHeaderButton.m */; };
		E2B58CA51AA90A280072F713 /* FFDayHeaderCell.m in Sources */ = {isa = PBXBuildFile; fileRef = E2B58C211AA90A280072F713 /* FFDayHeaderCell.m */; };
		E2B58CA61AA90A280072F713 /* FFDayHeaderCollectionView.m in Sources */ = {isa = PBXBuildFile; fileRef = E2B58C231AA90A280072F713 /* FFDayHeaderCollectionView.m */; };
		E2B58CA71AA90A280072F713 /* FFDayCell.m in Sources */ = {isa = PBXBuildFile; fileRef = E2B58C281AA90A280072F713 /* FFDayCell.m */; };
		E2B58CA81AA90A280072F713 /* FFDayCollectionView.m in Sources */ = {isa = PBXBuildFile; fileRef = E2B58C2A1AA90A280072F713 /* FFDayCollectionView.m */; };
		E2B58CA91AA90A280072F713 /* FFDayCollectionViewFlowLayout.m in Sources */ = {isa = PBXBuildFile; fileRef = E2B58C2C1AA90A280072F713 /* FFDayCollectionViewFlowLayout.m */; };
		E2B58CAA1AA90A280072F713 /* FFDayScrollView.m in Sources */ = {isa = PBXBuildFile; fileRef = E2B58C2E1AA90A280072F713 /* FFDayScrollView.m */; };
		E2B58CAB1AA90A280072F713 /* FFMonthCalendarView.m in Sources */ = {isa = PBXBuildFile; fileRef = E2B58C311AA90A280072F713 /* FFMonthCalendarView.m */; };
		E2B58CAC1AA90A280072F713 /* FFButtonWithEditAndDetailPopoversForMonthCell.m in Sources */ = {isa = PBXBuildFile; fileRef = E2B58C351AA90A280072F713 /* FFButtonWithEditAndDetailPopoversForMonthCell.m */; };
		E2B58CAD1AA90A280072F713 /* FFMonthCell.m in Sources */ = {isa = PBXBuildFile; fileRef = E2B58C371AA90A280072F713 /* FFMonthCell.m */; };
		E2B58CAE1AA90A280072F713 /* FFMonthCollectionView.m in Sources */ = {isa = PBXBuildFile; fileRef = E2B58C391AA90A280072F713 /* FFMonthCollectionView.m */; };
		E2B58CAF1AA90A280072F713 /* FFMonthCollectionViewFlowLayout.m in Sources */ = {isa = PBXBuildFile; fileRef = E2B58C3B1AA90A280072F713 /* FFMonthCollectionViewFlowLayout.m */; };
		E2B58CB01AA90A280072F713 /* FFMonthHeaderView.m in Sources */ = {isa = PBXBuildFile; fileRef = E2B58C3E1AA90A280072F713 /* FFMonthHeaderView.m */; };
		E2B58CB11AA90A280072F713 /* FFWeekCalendarView.m in Sources */ = {isa = PBXBuildFile; fileRef = E2B58C411AA90A280072F713 /* FFWeekCalendarView.m */; };
		E2B58CB21AA90A280072F713 /* FFWeekHeaderCell.m in Sources */ = {isa = PBXBuildFile; fileRef = E2B58C441AA90A280072F713 /* FFWeekHeaderCell.m */; };
		E2B58CB31AA90A280072F713 /* FFWeekHeaderCollectionView.m in Sources */ = {isa = PBXBuildFile; fileRef = E2B58C461AA90A280072F713 /* FFWeekHeaderCollectionView.m */; };
		E2B58CB41AA90A280072F713 /* FFHourAndMinLabel.m in Sources */ = {isa = PBXBuildFile; fileRef = E2B58C4A1AA90A280072F713 /* FFHourAndMinLabel.m */; };
		E2B58CB51AA90A280072F713 /* FFViewWithHourLines.m in Sources */ = {isa = PBXBuildFile; fileRef = E2B58C4C1AA90A280072F713 /* FFViewWithHourLines.m */; };
		E2B58CB61AA90A280072F713 /* FFWeekCell.m in Sources */ = {isa = PBXBuildFile; fileRef = E2B58C4F1AA90A280072F713 /* FFWeekCell.m */; };
		E2B58CB71AA90A280072F713 /* FFWeekCollectionView.m in Sources */ = {isa = PBXBuildFile; fileRef = E2B58C511AA90A280072F713 /* FFWeekCollectionView.m */; };
		E2B58CB81AA90A280072F713 /* FFWeekCollectionViewFlowLayout.m in Sources */ = {isa = PBXBuildFile; fileRef = E2B58C531AA90A280072F713 /* FFWeekCollectionViewFlowLayout.m */; };
		E2B58CB91AA90A280072F713 /* FFWeekScrollView.m in Sources */ = {isa = PBXBuildFile; fileRef = E2B58C551AA90A280072F713 /* FFWeekScrollView.m */; };
		E2B58CBA1AA90A280072F713 /* FFYearCalendarView.m in Sources */ = {isa = PBXBuildFile; fileRef = E2B58C581AA90A280072F713 /* FFYearCalendarView.m */; };
		E2B58CBB1AA90A280072F713 /* FFHeaderMonthForYearCell.m in Sources */ = {isa = PBXBuildFile; fileRef = E2B58C5D1AA90A280072F713 /* FFHeaderMonthForYearCell.m */; };
		E2B58CBC1AA90A280072F713 /* FFMonthCellForYearCell.m in Sources */ = {isa = PBXBuildFile; fileRef = E2B58C5F1AA90A280072F713 /* FFMonthCellForYearCell.m */; };
		E2B58CBD1AA90A280072F713 /* FFMonthCollectionViewForYearCell.m in Sources */ = {isa = PBXBuildFile; fileRef = E2B58C611AA90A280072F713 /* FFMonthCollectionViewForYearCell.m */; };
		E2B58CBE1AA90A280072F713 /* FFYearCell.m in Sources */ = {isa = PBXBuildFile; fileRef = E2B58C631AA90A280072F713 /* FFYearCell.m */; };
		E2B58CBF1AA90A280072F713 /* FFYearCollectionView.m in Sources */ = {isa = PBXBuildFile; fileRef = E2B58C651AA90A280072F713 /* FFYearCollectionView.m */; };
		E2B58CC01AA90A280072F713 /* FFYearCollectionViewFlowLayout.m in Sources */ = {isa = PBXBuildFile; fileRef = E2B58C671AA90A280072F713 /* FFYearCollectionViewFlowLayout.m */; };
		E2B58CC11AA90A280072F713 /* FFBlueButton.m in Sources */ = {isa = PBXBuildFile; fileRef = E2B58C6B1AA90A280072F713 /* FFBlueButton.m */; };
		E2B58CC21AA90A280072F713 /* FFRedAndWhiteButton.m in Sources */ = {isa = PBXBuildFile; fileRef = E2B58C6D1AA90A280072F713 /* FFRedAndWhiteButton.m */; };
		E2B58CC31AA90A280072F713 /* NSDate+FFDaysCount.m in Sources */ = {isa = PBXBuildFile; fileRef = E2B58C701AA90A280072F713 /* NSDate+FFDaysCount.m */; };
		E2B58CC41AA90A280072F713 /* UIColor+FFMoreColors.m in Sources */ = {isa = PBXBuildFile; fileRef = E2B58C721AA90A280072F713 /* UIColor+FFMoreColors.m */; };
		E2B58CC51AA90A280072F713 /* UIImage+FFCustomMethods.m in Sources */ = {isa = PBXBuildFile; fileRef = E2B58C741AA90A280072F713 /* UIImage+FFCustomMethods.m */; };
		E2B58CC61AA90A280072F713 /* UILabel+FFCustomMethods.m in Sources */ = {isa = PBXBuildFile; fileRef = E2B58C761AA90A280072F713 /* UILabel+FFCustomMethods.m */; };
		E2B58CC71AA90A280072F713 /* FFDateManager.m in Sources */ = {isa = PBXBuildFile; fileRef = E2B58C7A1AA90A280072F713 /* FFDateManager.m */; };
		E2B58CC81AA90A280072F713 /* FFEvent.m in Sources */ = {isa = PBXBuildFile; fileRef = E2B58C7D1AA90A280072F713 /* FFEvent.m */; };
		E2B58CC91AA90A280072F713 /* FFButtonWithDatePopover.m in Sources */ = {isa = PBXBuildFile; fileRef = E2B58C821AA90A280072F713 /* FFButtonWithDatePopover.m */; };
		E2B58CCA1AA90A280072F713 /* FFDatePopoverController.m in Sources */ = {isa = PBXBuildFile; fileRef = E2B58C841AA90A280072F713 /* FFDatePopoverController.m */; };
		E2B58CCB1AA90A280072F713 /* FFButtonWithHourPopover.m in Sources */ = {isa = PBXBuildFile; fileRef = E2B58C871AA90A280072F713 /* FFButtonWithHourPopover.m */; };
		E2B58CCC1AA90A280072F713 /* FFHourPopoverController.m in Sources */ = {isa = PBXBuildFile; fileRef = E2B58C891AA90A280072F713 /* FFHourPopoverController.m */; };
		E2B58CCD1AA90A280072F713 /* FFEditEventPopoverController.m in Sources */ = {isa = PBXBuildFile; fileRef = E2B58C8B1AA90A280072F713 /* FFEditEventPopoverController.m */; };
		E2B58CCE1AA90A280072F713 /* FFEditEventView.m in Sources */ = {isa = PBXBuildFile; fileRef = E2B58C8D1AA90A280072F713 /* FFEditEventView.m */; };
		E2B58CCF1AA90A280072F713 /* FFGuestsTableView.m in Sources */ = {isa = PBXBuildFile; fileRef = E2B58C901AA90A280072F713 /* FFGuestsTableView.m */; };
		E2B58CD01AA90A280072F713 /* FFGuestsTableViewCell.m in Sources */ = {isa = PBXBuildFile; fileRef = E2B58C921AA90A280072F713 /* FFGuestsTableViewCell.m */; };
		E2B58CD11AA90A280072F713 /* FFSearchBarWithAutoComplete.m in Sources */ = {isa = PBXBuildFile; fileRef = E2B58C951AA90A280072F713 /* FFSearchBarWithAutoComplete.m */; };
		E2B58CD21AA90A280072F713 /* FFEventDetailPopoverController.m in Sources */ = {isa = PBXBuildFile; fileRef = E2B58C981AA90A280072F713 /* FFEventDetailPopoverController.m */; };
		E2B58CD31AA90A280072F713 /* FFEventDetailView.m in Sources */ = {isa = PBXBuildFile; fileRef = E2B58C9A1AA90A280072F713 /* FFEventDetailView.m */; };
		E2B58CD41AA90A280072F713 /* blackCircle.png in Resources */ = {isa = PBXBuildFile; fileRef = E2B58C9D1AA90A280072F713 /* blackCircle.png */; };
		E2B58CD51AA90A280072F713 /* DailyCalendar.png in Resources */ = {isa = PBXBuildFile; fileRef = E2B58C9E1AA90A280072F713 /* DailyCalendar.png */; };
		E2B58CD61AA90A280072F713 /* MonthlyCalendar.png in Resources */ = {isa = PBXBuildFile; fileRef = E2B58C9F1AA90A280072F713 /* MonthlyCalendar.png */; };
		E2B58CD71AA90A280072F713 /* redCircle.png in Resources */ = {isa = PBXBuildFile; fileRef = E2B58CA01AA90A280072F713 /* redCircle.png */; };
		E2B58CD81AA90A280072F713 /* WeeklyCalendar.png in Resources */ = {isa = PBXBuildFile; fileRef = E2B58CA11AA90A280072F713 /* WeeklyCalendar.png */; };
		E2B58CD91AA90A280072F713 /* YearlyCalendar.png in Resources */ = {isa = PBXBuildFile; fileRef = E2B58CA21AA90A280072F713 /* YearlyCalendar.png */; };
		E2B58CDC1AA90E3B0072F713 /* RootViewController.m in Sources */ = {isa = PBXBuildFile; fileRef = E2B58CDB1AA90E3B0072F713 /* RootViewController.m */; };
		E2E7988A1AB76F9A00F07180 /* InfoViewController.m in Sources */ = {isa = PBXBuildFile; fileRef = E2E798891AB76F9A00F07180 /* InfoViewController.m */; };
/* End PBXBuildFile section */

/* Begin PBXContainerItemProxy section */
		E27612021A8C244B00135601 /* PBXContainerItemProxy */ = {
			isa = PBXContainerItemProxy;
			containerPortal = E27611DD1A8C244B00135601 /* Project object */;
			proxyType = 1;
			remoteGlobalIDString = E27611E41A8C244B00135601;
			remoteInfo = MTech_iPadApp;
		};
/* End PBXContainerItemProxy section */

/* Begin PBXFileReference section */
		E2235E741AC109E1008C6234 /* MTechCalViewController.h */ = {isa = PBXFileReference; fileEncoding = 4; lastKnownFileType = sourcecode.c.h; path = MTechCalViewController.h; sourceTree = "<group>"; };
		E2235E751AC109E1008C6234 /* MTechCalViewController.m */ = {isa = PBXFileReference; fileEncoding = 4; lastKnownFileType = sourcecode.c.objc; path = MTechCalViewController.m; sourceTree = "<group>"; };
		E27611E51A8C244B00135601 /* MTech_iPadApp.app */ = {isa = PBXFileReference; explicitFileType = wrapper.application; includeInIndex = 0; path = MTech_iPadApp.app; sourceTree = BUILT_PRODUCTS_DIR; };
		E27611E91A8C244B00135601 /* Info.plist */ = {isa = PBXFileReference; lastKnownFileType = text.plist.xml; path = Info.plist; sourceTree = "<group>"; };
		E27611EA1A8C244B00135601 /* main.m */ = {isa = PBXFileReference; lastKnownFileType = sourcecode.c.objc; path = main.m; sourceTree = "<group>"; };
		E27611EC1A8C244B00135601 /* AppDelegate.h */ = {isa = PBXFileReference; lastKnownFileType = sourcecode.c.h; path = AppDelegate.h; sourceTree = "<group>"; };
		E27611ED1A8C244B00135601 /* AppDelegate.m */ = {isa = PBXFileReference; lastKnownFileType = sourcecode.c.objc; path = AppDelegate.m; sourceTree = "<group>"; };
		E27611EF1A8C244B00135601 /* CalendarViewController.h */ = {isa = PBXFileReference; lastKnownFileType = sourcecode.c.h; path = CalendarViewController.h; sourceTree = "<group>"; };
		E27611F01A8C244B00135601 /* CalendarViewController.m */ = {isa = PBXFileReference; lastKnownFileType = sourcecode.c.objc; path = CalendarViewController.m; sourceTree = "<group>"; };
		E27611F21A8C244B00135601 /* FeedViewController.h */ = {isa = PBXFileReference; lastKnownFileType = sourcecode.c.h; path = FeedViewController.h; sourceTree = "<group>"; };
		E27611F31A8C244B00135601 /* FeedViewController.m */ = {isa = PBXFileReference; lastKnownFileType = sourcecode.c.objc; path = FeedViewController.m; sourceTree = "<group>"; };
		E27611F61A8C244B00135601 /* Base */ = {isa = PBXFileReference; lastKnownFileType = file.storyboard; name = Base; path = Base.lproj/Main.storyboard; sourceTree = "<group>"; };
		E27611F81A8C244B00135601 /* Images.xcassets */ = {isa = PBXFileReference; lastKnownFileType = folder.assetcatalog; path = Images.xcassets; sourceTree = "<group>"; };
		E27611FB1A8C244B00135601 /* Base */ = {isa = PBXFileReference; lastKnownFileType = file.xib; name = Base; path = Base.lproj/LaunchScreen.xib; sourceTree = "<group>"; };
		E27612011A8C244B00135601 /* MTech_iPadAppTests.xctest */ = {isa = PBXFileReference; explicitFileType = wrapper.cfbundle; includeInIndex = 0; path = MTech_iPadAppTests.xctest; sourceTree = BUILT_PRODUCTS_DIR; };
		E27612061A8C244B00135601 /* Info.plist */ = {isa = PBXFileReference; lastKnownFileType = text.plist.xml; path = Info.plist; sourceTree = "<group>"; };
		E27612071A8C244B00135601 /* MTech_iPadAppTests.m */ = {isa = PBXFileReference; lastKnownFileType = sourcecode.c.objc; path = MTech_iPadAppTests.m; sourceTree = "<group>"; };
		E2B58C181AA90A280072F713 /* FFCalendar.h */ = {isa = PBXFileReference; fileEncoding = 4; lastKnownFileType = sourcecode.c.h; path = FFCalendar.h; sourceTree = "<group>"; };
		E2B58C1A1AA90A280072F713 /* FFDayCalendarView.h */ = {isa = PBXFileReference; fileEncoding = 4; lastKnownFileType = sourcecode.c.h; path = FFDayCalendarView.h; sourceTree = "<group>"; };
		E2B58C1B1AA90A280072F713 /* FFDayCalendarView.m */ = {isa = PBXFileReference; fileEncoding = 4; lastKnownFileType = sourcecode.c.objc; path = FFDayCalendarView.m; sourceTree = "<group>"; };
		E2B58C1E1AA90A280072F713 /* FFDayHeaderButton.h */ = {isa = PBXFileReference; fileEncoding = 4; lastKnownFileType = sourcecode.c.h; path = FFDayHeaderButton.h; sourceTree = "<group>"; };
		E2B58C1F1AA90A280072F713 /* FFDayHeaderButton.m */ = {isa = PBXFileReference; fileEncoding = 4; lastKnownFileType = sourcecode.c.objc; path = FFDayHeaderButton.m; sourceTree = "<group>"; };
		E2B58C201AA90A280072F713 /* FFDayHeaderCell.h */ = {isa = PBXFileReference; fileEncoding = 4; lastKnownFileType = sourcecode.c.h; path = FFDayHeaderCell.h; sourceTree = "<group>"; };
		E2B58C211AA90A280072F713 /* FFDayHeaderCell.m */ = {isa = PBXFileReference; fileEncoding = 4; lastKnownFileType = sourcecode.c.objc; path = FFDayHeaderCell.m; sourceTree = "<group>"; };
		E2B58C221AA90A280072F713 /* FFDayHeaderCollectionView.h */ = {isa = PBXFileReference; fileEncoding = 4; lastKnownFileType = sourcecode.c.h; path = FFDayHeaderCollectionView.h; sourceTree = "<group>"; };
		E2B58C231AA90A280072F713 /* FFDayHeaderCollectionView.m */ = {isa = PBXFileReference; fileEncoding = 4; lastKnownFileType = sourcecode.c.objc; path = FFDayHeaderCollectionView.m; sourceTree = "<group>"; };
		E2B58C271AA90A280072F713 /* FFDayCell.h */ = {isa = PBXFileReference; fileEncoding = 4; lastKnownFileType = sourcecode.c.h; path = FFDayCell.h; sourceTree = "<group>"; };
		E2B58C281AA90A280072F713 /* FFDayCell.m */ = {isa = PBXFileReference; fileEncoding = 4; lastKnownFileType = sourcecode.c.objc; path = FFDayCell.m; sourceTree = "<group>"; };
		E2B58C291AA90A280072F713 /* FFDayCollectionView.h */ = {isa = PBXFileReference; fileEncoding = 4; lastKnownFileType = sourcecode.c.h; path = FFDayCollectionView.h; sourceTree = "<group>"; };
		E2B58C2A1AA90A280072F713 /* FFDayCollectionView.m */ = {isa = PBXFileReference; fileEncoding = 4; lastKnownFileType = sourcecode.c.objc; path = FFDayCollectionView.m; sourceTree = "<group>"; };
		E2B58C2B1AA90A280072F713 /* FFDayCollectionViewFlowLayout.h */ = {isa = PBXFileReference; fileEncoding = 4; lastKnownFileType = sourcecode.c.h; path = FFDayCollectionViewFlowLayout.h; sourceTree = "<group>"; };
		E2B58C2C1AA90A280072F713 /* FFDayCollectionViewFlowLayout.m */ = {isa = PBXFileReference; fileEncoding = 4; lastKnownFileType = sourcecode.c.objc; path = FFDayCollectionViewFlowLayout.m; sourceTree = "<group>"; };
		E2B58C2D1AA90A280072F713 /* FFDayScrollView.h */ = {isa = PBXFileReference; fileEncoding = 4; lastKnownFileType = sourcecode.c.h; path = FFDayScrollView.h; sourceTree = "<group>"; };
		E2B58C2E1AA90A280072F713 /* FFDayScrollView.m */ = {isa = PBXFileReference; fileEncoding = 4; lastKnownFileType = sourcecode.c.objc; path = FFDayScrollView.m; sourceTree = "<group>"; };
		E2B58C301AA90A280072F713 /* FFMonthCalendarView.h */ = {isa = PBXFileReference; fileEncoding = 4; lastKnownFileType = sourcecode.c.h; path = FFMonthCalendarView.h; sourceTree = "<group>"; };
		E2B58C311AA90A280072F713 /* FFMonthCalendarView.m */ = {isa = PBXFileReference; fileEncoding = 4; lastKnownFileType = sourcecode.c.objc; path = FFMonthCalendarView.m; sourceTree = "<group>"; };
		E2B58C341AA90A280072F713 /* FFButtonWithEditAndDetailPopoversForMonthCell.h */ = {isa = PBXFileReference; fileEncoding = 4; lastKnownFileType = sourcecode.c.h; path = FFButtonWithEditAndDetailPopoversForMonthCell.h; sourceTree = "<group>"; };
		E2B58C351AA90A280072F713 /* FFButtonWithEditAndDetailPopoversForMonthCell.m */ = {isa = PBXFileReference; fileEncoding = 4; lastKnownFileType = sourcecode.c.objc; path = FFButtonWithEditAndDetailPopoversForMonthCell.m; sourceTree = "<group>"; };
		E2B58C361AA90A280072F713 /* FFMonthCell.h */ = {isa = PBXFileReference; fileEncoding = 4; lastKnownFileType = sourcecode.c.h; path = FFMonthCell.h; sourceTree = "<group>"; };
		E2B58C371AA90A280072F713 /* FFMonthCell.m */ = {isa = PBXFileReference; fileEncoding = 4; lastKnownFileType = sourcecode.c.objc; path = FFMonthCell.m; sourceTree = "<group>"; };
		E2B58C381AA90A280072F713 /* FFMonthCollectionView.h */ = {isa = PBXFileReference; fileEncoding = 4; lastKnownFileType = sourcecode.c.h; path = FFMonthCollectionView.h; sourceTree = "<group>"; };
		E2B58C391AA90A280072F713 /* FFMonthCollectionView.m */ = {isa = PBXFileReference; fileEncoding = 4; lastKnownFileType = sourcecode.c.objc; path = FFMonthCollectionView.m; sourceTree = "<group>"; };
		E2B58C3A1AA90A280072F713 /* FFMonthCollectionViewFlowLayout.h */ = {isa = PBXFileReference; fileEncoding = 4; lastKnownFileType = sourcecode.c.h; path = FFMonthCollectionViewFlowLayout.h; sourceTree = "<group>"; };
		E2B58C3B1AA90A280072F713 /* FFMonthCollectionViewFlowLayout.m */ = {isa = PBXFileReference; fileEncoding = 4; lastKnownFileType = sourcecode.c.objc; path = FFMonthCollectionViewFlowLayout.m; sourceTree = "<group>"; };
		E2B58C3D1AA90A280072F713 /* FFMonthHeaderView.h */ = {isa = PBXFileReference; fileEncoding = 4; lastKnownFileType = sourcecode.c.h; path = FFMonthHeaderView.h; sourceTree = "<group>"; };
		E2B58C3E1AA90A280072F713 /* FFMonthHeaderView.m */ = {isa = PBXFileReference; fileEncoding = 4; lastKnownFileType = sourcecode.c.objc; path = FFMonthHeaderView.m; sourceTree = "<group>"; };
		E2B58C401AA90A280072F713 /* FFWeekCalendarView.h */ = {isa = PBXFileReference; fileEncoding = 4; lastKnownFileType = sourcecode.c.h; path = FFWeekCalendarView.h; sourceTree = "<group>"; };
		E2B58C411AA90A280072F713 /* FFWeekCalendarView.m */ = {isa = PBXFileReference; fileEncoding = 4; lastKnownFileType = sourcecode.c.objc; path = FFWeekCalendarView.m; sourceTree = "<group>"; };
		E2B58C431AA90A280072F713 /* FFWeekHeaderCell.h */ = {isa = PBXFileReference; fileEncoding = 4; lastKnownFileType = sourcecode.c.h; path = FFWeekHeaderCell.h; sourceTree = "<group>"; };
		E2B58C441AA90A280072F713 /* FFWeekHeaderCell.m */ = {isa = PBXFileReference; fileEncoding = 4; lastKnownFileType = sourcecode.c.objc; path = FFWeekHeaderCell.m; sourceTree = "<group>"; };
		E2B58C451AA90A280072F713 /* FFWeekHeaderCollectionView.h */ = {isa = PBXFileReference; fileEncoding = 4; lastKnownFileType = sourcecode.c.h; path = FFWeekHeaderCollectionView.h; sourceTree = "<group>"; };
		E2B58C461AA90A280072F713 /* FFWeekHeaderCollectionView.m */ = {isa = PBXFileReference; fileEncoding = 4; lastKnownFileType = sourcecode.c.objc; path = FFWeekHeaderCollectionView.m; sourceTree = "<group>"; };
		E2B58C491AA90A280072F713 /* FFHourAndMinLabel.h */ = {isa = PBXFileReference; fileEncoding = 4; lastKnownFileType = sourcecode.c.h; path = FFHourAndMinLabel.h; sourceTree = "<group>"; };
		E2B58C4A1AA90A280072F713 /* FFHourAndMinLabel.m */ = {isa = PBXFileReference; fileEncoding = 4; lastKnownFileType = sourcecode.c.objc; path = FFHourAndMinLabel.m; sourceTree = "<group>"; };
		E2B58C4B1AA90A280072F713 /* FFViewWithHourLines.h */ = {isa = PBXFileReference; fileEncoding = 4; lastKnownFileType = sourcecode.c.h; path = FFViewWithHourLines.h; sourceTree = "<group>"; };
		E2B58C4C1AA90A280072F713 /* FFViewWithHourLines.m */ = {isa = PBXFileReference; fileEncoding = 4; lastKnownFileType = sourcecode.c.objc; path = FFViewWithHourLines.m; sourceTree = "<group>"; };
		E2B58C4E1AA90A280072F713 /* FFWeekCell.h */ = {isa = PBXFileReference; fileEncoding = 4; lastKnownFileType = sourcecode.c.h; path = FFWeekCell.h; sourceTree = "<group>"; };
		E2B58C4F1AA90A280072F713 /* FFWeekCell.m */ = {isa = PBXFileReference; fileEncoding = 4; lastKnownFileType = sourcecode.c.objc; path = FFWeekCell.m; sourceTree = "<group>"; };
		E2B58C501AA90A280072F713 /* FFWeekCollectionView.h */ = {isa = PBXFileReference; fileEncoding = 4; lastKnownFileType = sourcecode.c.h; path = FFWeekCollectionView.h; sourceTree = "<group>"; };
		E2B58C511AA90A280072F713 /* FFWeekCollectionView.m */ = {isa = PBXFileReference; fileEncoding = 4; lastKnownFileType = sourcecode.c.objc; path = FFWeekCollectionView.m; sourceTree = "<group>"; };
		E2B58C521AA90A280072F713 /* FFWeekCollectionViewFlowLayout.h */ = {isa = PBXFileReference; fileEncoding = 4; lastKnownFileType = sourcecode.c.h; path = FFWeekCollectionViewFlowLayout.h; sourceTree = "<group>"; };
		E2B58C531AA90A280072F713 /* FFWeekCollectionViewFlowLayout.m */ = {isa = PBXFileReference; fileEncoding = 4; lastKnownFileType = sourcecode.c.objc; path = FFWeekCollectionViewFlowLayout.m; sourceTree = "<group>"; };
		E2B58C541AA90A280072F713 /* FFWeekScrollView.h */ = {isa = PBXFileReference; fileEncoding = 4; lastKnownFileType = sourcecode.c.h; path = FFWeekScrollView.h; sourceTree = "<group>"; };
		E2B58C551AA90A280072F713 /* FFWeekScrollView.m */ = {isa = PBXFileReference; fileEncoding = 4; lastKnownFileType = sourcecode.c.objc; path = FFWeekScrollView.m; sourceTree = "<group>"; };
		E2B58C571AA90A280072F713 /* FFYearCalendarView.h */ = {isa = PBXFileReference; fileEncoding = 4; lastKnownFileType = sourcecode.c.h; path = FFYearCalendarView.h; sourceTree = "<group>"; };
		E2B58C581AA90A280072F713 /* FFYearCalendarView.m */ = {isa = PBXFileReference; fileEncoding = 4; lastKnownFileType = sourcecode.c.objc; path = FFYearCalendarView.m; sourceTree = "<group>"; };
		E2B58C5C1AA90A280072F713 /* FFHeaderMonthForYearCell.h */ = {isa = PBXFileReference; fileEncoding = 4; lastKnownFileType = sourcecode.c.h; path = FFHeaderMonthForYearCell.h; sourceTree = "<group>"; };
		E2B58C5D1AA90A280072F713 /* FFHeaderMonthForYearCell.m */ = {isa = PBXFileReference; fileEncoding = 4; lastKnownFileType = sourcecode.c.objc; path = FFHeaderMonthForYearCell.m; sourceTree = "<group>"; };
		E2B58C5E1AA90A280072F713 /* FFMonthCellForYearCell.h */ = {isa = PBXFileReference; fileEncoding = 4; lastKnownFileType = sourcecode.c.h; path = FFMonthCellForYearCell.h; sourceTree = "<group>"; };
		E2B58C5F1AA90A280072F713 /* FFMonthCellForYearCell.m */ = {isa = PBXFileReference; fileEncoding = 4; lastKnownFileType = sourcecode.c.objc; path = FFMonthCellForYearCell.m; sourceTree = "<group>"; };
		E2B58C601AA90A280072F713 /* FFMonthCollectionViewForYearCell.h */ = {isa = PBXFileReference; fileEncoding = 4; lastKnownFileType = sourcecode.c.h; path = FFMonthCollectionViewForYearCell.h; sourceTree = "<group>"; };
		E2B58C611AA90A280072F713 /* FFMonthCollectionViewForYearCell.m */ = {isa = PBXFileReference; fileEncoding = 4; lastKnownFileType = sourcecode.c.objc; path = FFMonthCollectionViewForYearCell.m; sourceTree = "<group>"; };
		E2B58C621AA90A280072F713 /* FFYearCell.h */ = {isa = PBXFileReference; fileEncoding = 4; lastKnownFileType = sourcecode.c.h; path = FFYearCell.h; sourceTree = "<group>"; };
		E2B58C631AA90A280072F713 /* FFYearCell.m */ = {isa = PBXFileReference; fileEncoding = 4; lastKnownFileType = sourcecode.c.objc; path = FFYearCell.m; sourceTree = "<group>"; };
		E2B58C641AA90A280072F713 /* FFYearCollectionView.h */ = {isa = PBXFileReference; fileEncoding = 4; lastKnownFileType = sourcecode.c.h; path = FFYearCollectionView.h; sourceTree = "<group>"; };
		E2B58C651AA90A280072F713 /* FFYearCollectionView.m */ = {isa = PBXFileReference; fileEncoding = 4; lastKnownFileType = sourcecode.c.objc; path = FFYearCollectionView.m; sourceTree = "<group>"; };
		E2B58C661AA90A280072F713 /* FFYearCollectionViewFlowLayout.h */ = {isa = PBXFileReference; fileEncoding = 4; lastKnownFileType = sourcecode.c.h; path = FFYearCollectionViewFlowLayout.h; sourceTree = "<group>"; };
		E2B58C671AA90A280072F713 /* FFYearCollectionViewFlowLayout.m */ = {isa = PBXFileReference; fileEncoding = 4; lastKnownFileType = sourcecode.c.objc; path = FFYearCollectionViewFlowLayout.m; sourceTree = "<group>"; };
		E2B58C6A1AA90A280072F713 /* FFBlueButton.h */ = {isa = PBXFileReference; fileEncoding = 4; lastKnownFileType = sourcecode.c.h; path = FFBlueButton.h; sourceTree = "<group>"; };
		E2B58C6B1AA90A280072F713 /* FFBlueButton.m */ = {isa = PBXFileReference; fileEncoding = 4; lastKnownFileType = sourcecode.c.objc; path = FFBlueButton.m; sourceTree = "<group>"; };
		E2B58C6C1AA90A280072F713 /* FFRedAndWhiteButton.h */ = {isa = PBXFileReference; fileEncoding = 4; lastKnownFileType = sourcecode.c.h; path = FFRedAndWhiteButton.h; sourceTree = "<group>"; };
		E2B58C6D1AA90A280072F713 /* FFRedAndWhiteButton.m */ = {isa = PBXFileReference; fileEncoding = 4; lastKnownFileType = sourcecode.c.objc; path = FFRedAndWhiteButton.m; sourceTree = "<group>"; };
		E2B58C6F1AA90A280072F713 /* NSDate+FFDaysCount.h */ = {isa = PBXFileReference; fileEncoding = 4; lastKnownFileType = sourcecode.c.h; path = "NSDate+FFDaysCount.h"; sourceTree = "<group>"; };
		E2B58C701AA90A280072F713 /* NSDate+FFDaysCount.m */ = {isa = PBXFileReference; fileEncoding = 4; lastKnownFileType = sourcecode.c.objc; path = "NSDate+FFDaysCount.m"; sourceTree = "<group>"; };
		E2B58C711AA90A280072F713 /* UIColor+FFMoreColors.h */ = {isa = PBXFileReference; fileEncoding = 4; lastKnownFileType = sourcecode.c.h; path = "UIColor+FFMoreColors.h"; sourceTree = "<group>"; };
		E2B58C721AA90A280072F713 /* UIColor+FFMoreColors.m */ = {isa = PBXFileReference; fileEncoding = 4; lastKnownFileType = sourcecode.c.objc; path = "UIColor+FFMoreColors.m"; sourceTree = "<group>"; };
		E2B58C731AA90A280072F713 /* UIImage+FFCustomMethods.h */ = {isa = PBXFileReference; fileEncoding = 4; lastKnownFileType = sourcecode.c.h; path = "UIImage+FFCustomMethods.h"; sourceTree = "<group>"; };
		E2B58C741AA90A280072F713 /* UIImage+FFCustomMethods.m */ = {isa = PBXFileReference; fileEncoding = 4; lastKnownFileType = sourcecode.c.objc; path = "UIImage+FFCustomMethods.m"; sourceTree = "<group>"; };
		E2B58C751AA90A280072F713 /* UILabel+FFCustomMethods.h */ = {isa = PBXFileReference; fileEncoding = 4; lastKnownFileType = sourcecode.c.h; path = "UILabel+FFCustomMethods.h"; sourceTree = "<group>"; };
		E2B58C761AA90A280072F713 /* UILabel+FFCustomMethods.m */ = {isa = PBXFileReference; fileEncoding = 4; lastKnownFileType = sourcecode.c.objc; path = "UILabel+FFCustomMethods.m"; sourceTree = "<group>"; };
		E2B58C771AA90A280072F713 /* FFConstants.h */ = {isa = PBXFileReference; fileEncoding = 4; lastKnownFileType = sourcecode.c.h; path = FFConstants.h; sourceTree = "<group>"; };
		E2B58C791AA90A280072F713 /* FFDateManager.h */ = {isa = PBXFileReference; fileEncoding = 4; lastKnownFileType = sourcecode.c.h; path = FFDateManager.h; sourceTree = "<group>"; };
		E2B58C7A1AA90A280072F713 /* FFDateManager.m */ = {isa = PBXFileReference; fileEncoding = 4; lastKnownFileType = sourcecode.c.objc; path = FFDateManager.m; sourceTree = "<group>"; };
		E2B58C7C1AA90A280072F713 /* FFEvent.h */ = {isa = PBXFileReference; fileEncoding = 4; lastKnownFileType = sourcecode.c.h; path = FFEvent.h; sourceTree = "<group>"; };
		E2B58C7D1AA90A280072F713 /* FFEvent.m */ = {isa = PBXFileReference; fileEncoding = 4; lastKnownFileType = sourcecode.c.objc; path = FFEvent.m; sourceTree = "<group>"; };
		E2B58C811AA90A280072F713 /* FFButtonWithDatePopover.h */ = {isa = PBXFileReference; fileEncoding = 4; lastKnownFileType = sourcecode.c.h; path = FFButtonWithDatePopover.h; sourceTree = "<group>"; };
		E2B58C821AA90A280072F713 /* FFButtonWithDatePopover.m */ = {isa = PBXFileReference; fileEncoding = 4; lastKnownFileType = sourcecode.c.objc; path = FFButtonWithDatePopover.m; sourceTree = "<group>"; };
		E2B58C831AA90A280072F713 /* FFDatePopoverController.h */ = {isa = PBXFileReference; fileEncoding = 4; lastKnownFileType = sourcecode.c.h; path = FFDatePopoverController.h; sourceTree = "<group>"; };
		E2B58C841AA90A280072F713 /* FFDatePopoverController.m */ = {isa = PBXFileReference; fileEncoding = 4; lastKnownFileType = sourcecode.c.objc; path = FFDatePopoverController.m; sourceTree = "<group>"; };
		E2B58C861AA90A280072F713 /* FFButtonWithHourPopover.h */ = {isa = PBXFileReference; fileEncoding = 4; lastKnownFileType = sourcecode.c.h; path = FFButtonWithHourPopover.h; sourceTree = "<group>"; };
		E2B58C871AA90A280072F713 /* FFButtonWithHourPopover.m */ = {isa = PBXFileReference; fileEncoding = 4; lastKnownFileType = sourcecode.c.objc; path = FFButtonWithHourPopover.m; sourceTree = "<group>"; };
		E2B58C881AA90A280072F713 /* FFHourPopoverController.h */ = {isa = PBXFileReference; fileEncoding = 4; lastKnownFileType = sourcecode.c.h; path = FFHourPopoverController.h; sourceTree = "<group>"; };
		E2B58C891AA90A280072F713 /* FFHourPopoverController.m */ = {isa = PBXFileReference; fileEncoding = 4; lastKnownFileType = sourcecode.c.objc; path = FFHourPopoverController.m; sourceTree = "<group>"; };
		E2B58C8A1AA90A280072F713 /* FFEditEventPopoverController.h */ = {isa = PBXFileReference; fileEncoding = 4; lastKnownFileType = sourcecode.c.h; path = FFEditEventPopoverController.h; sourceTree = "<group>"; };
		E2B58C8B1AA90A280072F713 /* FFEditEventPopoverController.m */ = {isa = PBXFileReference; fileEncoding = 4; lastKnownFileType = sourcecode.c.objc; path = FFEditEventPopoverController.m; sourceTree = "<group>"; };
		E2B58C8C1AA90A280072F713 /* FFEditEventView.h */ = {isa = PBXFileReference; fileEncoding = 4; lastKnownFileType = sourcecode.c.h; path = FFEditEventView.h; sourceTree = "<group>"; };
		E2B58C8D1AA90A280072F713 /* FFEditEventView.m */ = {isa = PBXFileReference; fileEncoding = 4; lastKnownFileType = sourcecode.c.objc; path = FFEditEventView.m; sourceTree = "<group>"; };
		E2B58C8F1AA90A280072F713 /* FFGuestsTableView.h */ = {isa = PBXFileReference; fileEncoding = 4; lastKnownFileType = sourcecode.c.h; path = FFGuestsTableView.h; sourceTree = "<group>"; };
		E2B58C901AA90A280072F713 /* FFGuestsTableView.m */ = {isa = PBXFileReference; fileEncoding = 4; lastKnownFileType = sourcecode.c.objc; path = FFGuestsTableView.m; sourceTree = "<group>"; };
		E2B58C911AA90A280072F713 /* FFGuestsTableViewCell.h */ = {isa = PBXFileReference; fileEncoding = 4; lastKnownFileType = sourcecode.c.h; path = FFGuestsTableViewCell.h; sourceTree = "<group>"; };
		E2B58C921AA90A280072F713 /* FFGuestsTableViewCell.m */ = {isa = PBXFileReference; fileEncoding = 4; lastKnownFileType = sourcecode.c.objc; path = FFGuestsTableViewCell.m; sourceTree = "<group>"; };
		E2B58C941AA90A280072F713 /* FFSearchBarWithAutoComplete.h */ = {isa = PBXFileReference; fileEncoding = 4; lastKnownFileType = sourcecode.c.h; path = FFSearchBarWithAutoComplete.h; sourceTree = "<group>"; };
		E2B58C951AA90A280072F713 /* FFSearchBarWithAutoComplete.m */ = {isa = PBXFileReference; fileEncoding = 4; lastKnownFileType = sourcecode.c.objc; path = FFSearchBarWithAutoComplete.m; sourceTree = "<group>"; };
		E2B58C971AA90A280072F713 /* FFEventDetailPopoverController.h */ = {isa = PBXFileReference; fileEncoding = 4; lastKnownFileType = sourcecode.c.h; path = FFEventDetailPopoverController.h; sourceTree = "<group>"; };
		E2B58C981AA90A280072F713 /* FFEventDetailPopoverController.m */ = {isa = PBXFileReference; fileEncoding = 4; lastKnownFileType = sourcecode.c.objc; path = FFEventDetailPopoverController.m; sourceTree = "<group>"; };
		E2B58C991AA90A280072F713 /* FFEventDetailView.h */ = {isa = PBXFileReference; fileEncoding = 4; lastKnownFileType = sourcecode.c.h; path = FFEventDetailView.h; sourceTree = "<group>"; };
		E2B58C9A1AA90A280072F713 /* FFEventDetailView.m */ = {isa = PBXFileReference; fileEncoding = 4; lastKnownFileType = sourcecode.c.objc; path = FFEventDetailView.m; sourceTree = "<group>"; };
		E2B58C9B1AA90A280072F713 /* FFImportantFilesForCalendar.h */ = {isa = PBXFileReference; fileEncoding = 4; lastKnownFileType = sourcecode.c.h; path = FFImportantFilesForCalendar.h; sourceTree = "<group>"; };
		E2B58C9D1AA90A280072F713 /* blackCircle.png */ = {isa = PBXFileReference; lastKnownFileType = image.png; path = blackCircle.png; sourceTree = "<group>"; };
		E2B58C9E1AA90A280072F713 /* DailyCalendar.png */ = {isa = PBXFileReference; lastKnownFileType = image.png; path = DailyCalendar.png; sourceTree = "<group>"; };
		E2B58C9F1AA90A280072F713 /* MonthlyCalendar.png */ = {isa = PBXFileReference; lastKnownFileType = image.png; path = MonthlyCalendar.png; sourceTree = "<group>"; };
		E2B58CA01AA90A280072F713 /* redCircle.png */ = {isa = PBXFileReference; lastKnownFileType = image.png; path = redCircle.png; sourceTree = "<group>"; };
		E2B58CA11AA90A280072F713 /* WeeklyCalendar.png */ = {isa = PBXFileReference; lastKnownFileType = image.png; path = WeeklyCalendar.png; sourceTree = "<group>"; };
		E2B58CA21AA90A280072F713 /* YearlyCalendar.png */ = {isa = PBXFileReference; lastKnownFileType = image.png; path = YearlyCalendar.png; sourceTree = "<group>"; };
		E2B58CDA1AA90E3B0072F713 /* RootViewController.h */ = {isa = PBXFileReference; fileEncoding = 4; lastKnownFileType = sourcecode.c.h; path = RootViewController.h; sourceTree = "<group>"; };
		E2B58CDB1AA90E3B0072F713 /* RootViewController.m */ = {isa = PBXFileReference; fileEncoding = 4; lastKnownFileType = sourcecode.c.objc; path = RootViewController.m; sourceTree = "<group>"; };
		E2E798881AB76F9A00F07180 /* InfoViewController.h */ = {isa = PBXFileReference; fileEncoding = 4; lastKnownFileType = sourcecode.c.h; path = InfoViewController.h; sourceTree = "<group>"; };
		E2E798891AB76F9A00F07180 /* InfoViewController.m */ = {isa = PBXFileReference; fileEncoding = 4; lastKnownFileType = sourcecode.c.objc; path = InfoViewController.m; sourceTree = "<group>"; };
/* End PBXFileReference section */

/* Begin PBXFrameworksBuildPhase section */
		E27611E21A8C244B00135601 /* Frameworks */ = {
			isa = PBXFrameworksBuildPhase;
			buildActionMask = 2147483647;
			files = (
			);
			runOnlyForDeploymentPostprocessing = 0;
		};
		E27611FE1A8C244B00135601 /* Frameworks */ = {
			isa = PBXFrameworksBuildPhase;
			buildActionMask = 2147483647;
			files = (
			);
			runOnlyForDeploymentPostprocessing = 0;
		};
/* End PBXFrameworksBuildPhase section */

/* Begin PBXGroup section */
		E27611DC1A8C244B00135601 = {
			isa = PBXGroup;
			children = (
				E27611E71A8C244B00135601 /* MTech_iPadApp */,
				E27612041A8C244B00135601 /* MTech_iPadAppTests */,
				E27611E61A8C244B00135601 /* Products */,
			);
			sourceTree = "<group>";
		};
		E27611E61A8C244B00135601 /* Products */ = {
			isa = PBXGroup;
			children = (
				E27611E51A8C244B00135601 /* MTech_iPadApp.app */,
				E27612011A8C244B00135601 /* MTech_iPadAppTests.xctest */,
			);
			name = Products;
			sourceTree = "<group>";
		};
		E27611E71A8C244B00135601 /* MTech_iPadApp */ = {
			isa = PBXGroup;
			children = (
				E2235E741AC109E1008C6234 /* MTechCalViewController.h */,
				E2235E751AC109E1008C6234 /* MTechCalViewController.m */,
				E27611EC1A8C244B00135601 /* AppDelegate.h */,
				E27611ED1A8C244B00135601 /* AppDelegate.m */,
				E2B58CDA1AA90E3B0072F713 /* RootViewController.h */,
				E2B58CDB1AA90E3B0072F713 /* RootViewController.m */,
				E27611EF1A8C244B00135601 /* CalendarViewController.h */,
				E27611F01A8C244B00135601 /* CalendarViewController.m */,
				E27611F21A8C244B00135601 /* FeedViewController.h */,
				E27611F31A8C244B00135601 /* FeedViewController.m */,
				E2E798881AB76F9A00F07180 /* InfoViewController.h */,
				E2E798891AB76F9A00F07180 /* InfoViewController.m */,
				E27611F51A8C244B00135601 /* Main.storyboard */,
				E27611F81A8C244B00135601 /* Images.xcassets */,
				E27611FA1A8C244B00135601 /* LaunchScreen.xib */,
				E2B58C171AA90A280072F713 /* FFCalendars */,
				E27611E81A8C244B00135601 /* Supporting Files */,
			);
			path = MTech_iPadApp;
			sourceTree = "<group>";
		};
		E27611E81A8C244B00135601 /* Supporting Files */ = {
			isa = PBXGroup;
			children = (
				E27611E91A8C244B00135601 /* Info.plist */,
				E27611EA1A8C244B00135601 /* main.m */,
			);
			name = "Supporting Files";
			sourceTree = "<group>";
		};
		E27612041A8C244B00135601 /* MTech_iPadAppTests */ = {
			isa = PBXGroup;
			children = (
				E27612071A8C244B00135601 /* MTech_iPadAppTests.m */,
				E27612051A8C244B00135601 /* Supporting Files */,
			);
			path = MTech_iPadAppTests;
			sourceTree = "<group>";
		};
		E27612051A8C244B00135601 /* Supporting Files */ = {
			isa = PBXGroup;
			children = (
				E27612061A8C244B00135601 /* Info.plist */,
			);
			name = "Supporting Files";
			sourceTree = "<group>";
		};
		E2B58C171AA90A280072F713 /* FFCalendars */ = {
			isa = PBXGroup;
			children = (
				E2B58C181AA90A280072F713 /* FFCalendar.h */,
				E2B58C191AA90A280072F713 /* FFDayCalendarView */,
				E2B58C2F1AA90A280072F713 /* FFMonthCalendarView */,
				E2B58C3F1AA90A280072F713 /* FFWeekCalendarView */,
				E2B58C561AA90A280072F713 /* FFYearCalendarView */,
				E2B58C681AA90A280072F713 /* Util */,
			);
			path = FFCalendars;
			sourceTree = "<group>";
		};
		E2B58C191AA90A280072F713 /* FFDayCalendarView */ = {
			isa = PBXGroup;
			children = (
				E2B58C1A1AA90A280072F713 /* FFDayCalendarView.h */,
				E2B58C1B1AA90A280072F713 /* FFDayCalendarView.m */,
				E2B58C1C1AA90A280072F713 /* FFDayHeaderCollectionView */,
				E2B58C241AA90A280072F713 /* FFDayScrollView */,
			);
			path = FFDayCalendarView;
			sourceTree = "<group>";
		};
		E2B58C1C1AA90A280072F713 /* FFDayHeaderCollectionView */ = {
			isa = PBXGroup;
			children = (
				E2B58C1D1AA90A280072F713 /* FFDayHeaderCell */,
				E2B58C221AA90A280072F713 /* FFDayHeaderCollectionView.h */,
				E2B58C231AA90A280072F713 /* FFDayHeaderCollectionView.m */,
			);
			path = FFDayHeaderCollectionView;
			sourceTree = "<group>";
		};
		E2B58C1D1AA90A280072F713 /* FFDayHeaderCell */ = {
			isa = PBXGroup;
			children = (
				E2B58C1E1AA90A280072F713 /* FFDayHeaderButton.h */,
				E2B58C1F1AA90A280072F713 /* FFDayHeaderButton.m */,
				E2B58C201AA90A280072F713 /* FFDayHeaderCell.h */,
				E2B58C211AA90A280072F713 /* FFDayHeaderCell.m */,
			);
			path = FFDayHeaderCell;
			sourceTree = "<group>";
		};
		E2B58C241AA90A280072F713 /* FFDayScrollView */ = {
			isa = PBXGroup;
			children = (
				E2B58C251AA90A280072F713 /* FFDayCollectionView */,
				E2B58C2D1AA90A280072F713 /* FFDayScrollView.h */,
				E2B58C2E1AA90A280072F713 /* FFDayScrollView.m */,
			);
			path = FFDayScrollView;
			sourceTree = "<group>";
		};
		E2B58C251AA90A280072F713 /* FFDayCollectionView */ = {
			isa = PBXGroup;
			children = (
				E2B58C261AA90A280072F713 /* FFDayCell */,
				E2B58C291AA90A280072F713 /* FFDayCollectionView.h */,
				E2B58C2A1AA90A280072F713 /* FFDayCollectionView.m */,
				E2B58C2B1AA90A280072F713 /* FFDayCollectionViewFlowLayout.h */,
				E2B58C2C1AA90A280072F713 /* FFDayCollectionViewFlowLayout.m */,
			);
			path = FFDayCollectionView;
			sourceTree = "<group>";
		};
		E2B58C261AA90A280072F713 /* FFDayCell */ = {
			isa = PBXGroup;
			children = (
				E2B58C271AA90A280072F713 /* FFDayCell.h */,
				E2B58C281AA90A280072F713 /* FFDayCell.m */,
			);
			path = FFDayCell;
			sourceTree = "<group>";
		};
		E2B58C2F1AA90A280072F713 /* FFMonthCalendarView */ = {
			isa = PBXGroup;
			children = (
				E2B58C301AA90A280072F713 /* FFMonthCalendarView.h */,
				E2B58C311AA90A280072F713 /* FFMonthCalendarView.m */,
				E2B58C321AA90A280072F713 /* FFMonthCollectionView */,
				E2B58C3C1AA90A280072F713 /* FFMonthHeaderView */,
			);
			path = FFMonthCalendarView;
			sourceTree = "<group>";
		};
		E2B58C321AA90A280072F713 /* FFMonthCollectionView */ = {
			isa = PBXGroup;
			children = (
				E2B58C331AA90A280072F713 /* FFButtonWithEditAndDetailPopoversForMonthCell */,
				E2B58C361AA90A280072F713 /* FFMonthCell.h */,
				E2B58C371AA90A280072F713 /* FFMonthCell.m */,
				E2B58C381AA90A280072F713 /* FFMonthCollectionView.h */,
				E2B58C391AA90A280072F713 /* FFMonthCollectionView.m */,
				E2B58C3A1AA90A280072F713 /* FFMonthCollectionViewFlowLayout.h */,
				E2B58C3B1AA90A280072F713 /* FFMonthCollectionViewFlowLayout.m */,
			);
			path = FFMonthCollectionView;
			sourceTree = "<group>";
		};
		E2B58C331AA90A280072F713 /* FFButtonWithEditAndDetailPopoversForMonthCell */ = {
			isa = PBXGroup;
			children = (
				E2B58C341AA90A280072F713 /* FFButtonWithEditAndDetailPopoversForMonthCell.h */,
				E2B58C351AA90A280072F713 /* FFButtonWithEditAndDetailPopoversForMonthCell.m */,
			);
			path = FFButtonWithEditAndDetailPopoversForMonthCell;
			sourceTree = "<group>";
		};
		E2B58C3C1AA90A280072F713 /* FFMonthHeaderView */ = {
			isa = PBXGroup;
			children = (
				E2B58C3D1AA90A280072F713 /* FFMonthHeaderView.h */,
				E2B58C3E1AA90A280072F713 /* FFMonthHeaderView.m */,
			);
			path = FFMonthHeaderView;
			sourceTree = "<group>";
		};
		E2B58C3F1AA90A280072F713 /* FFWeekCalendarView */ = {
			isa = PBXGroup;
			children = (
				E2B58C401AA90A280072F713 /* FFWeekCalendarView.h */,
				E2B58C411AA90A280072F713 /* FFWeekCalendarView.m */,
				E2B58C421AA90A280072F713 /* FFWeekHeaderCollectionView */,
				E2B58C471AA90A280072F713 /* FFWeekScrollView */,
			);
			path = FFWeekCalendarView;
			sourceTree = "<group>";
		};
		E2B58C421AA90A280072F713 /* FFWeekHeaderCollectionView */ = {
			isa = PBXGroup;
			children = (
				E2B58C431AA90A280072F713 /* FFWeekHeaderCell.h */,
				E2B58C441AA90A280072F713 /* FFWeekHeaderCell.m */,
				E2B58C451AA90A280072F713 /* FFWeekHeaderCollectionView.h */,
				E2B58C461AA90A280072F713 /* FFWeekHeaderCollectionView.m */,
			);
			path = FFWeekHeaderCollectionView;
			sourceTree = "<group>";
		};
		E2B58C471AA90A280072F713 /* FFWeekScrollView */ = {
			isa = PBXGroup;
			children = (
				E2B58C481AA90A280072F713 /* FFViewWithHourLines */,
				E2B58C4D1AA90A280072F713 /* FFWeekCollectionView */,
				E2B58C541AA90A280072F713 /* FFWeekScrollView.h */,
				E2B58C551AA90A280072F713 /* FFWeekScrollView.m */,
			);
			path = FFWeekScrollView;
			sourceTree = "<group>";
		};
		E2B58C481AA90A280072F713 /* FFViewWithHourLines */ = {
			isa = PBXGroup;
			children = (
				E2B58C491AA90A280072F713 /* FFHourAndMinLabel.h */,
				E2B58C4A1AA90A280072F713 /* FFHourAndMinLabel.m */,
				E2B58C4B1AA90A280072F713 /* FFViewWithHourLines.h */,
				E2B58C4C1AA90A280072F713 /* FFViewWithHourLines.m */,
			);
			path = FFViewWithHourLines;
			sourceTree = "<group>";
		};
		E2B58C4D1AA90A280072F713 /* FFWeekCollectionView */ = {
			isa = PBXGroup;
			children = (
				E2B58C4E1AA90A280072F713 /* FFWeekCell.h */,
				E2B58C4F1AA90A280072F713 /* FFWeekCell.m */,
				E2B58C501AA90A280072F713 /* FFWeekCollectionView.h */,
				E2B58C511AA90A280072F713 /* FFWeekCollectionView.m */,
				E2B58C521AA90A280072F713 /* FFWeekCollectionViewFlowLayout.h */,
				E2B58C531AA90A280072F713 /* FFWeekCollectionViewFlowLayout.m */,
			);
			path = FFWeekCollectionView;
			sourceTree = "<group>";
		};
		E2B58C561AA90A280072F713 /* FFYearCalendarView */ = {
			isa = PBXGroup;
			children = (
				E2B58C571AA90A280072F713 /* FFYearCalendarView.h */,
				E2B58C581AA90A280072F713 /* FFYearCalendarView.m */,
				E2B58C591AA90A280072F713 /* FFYearCollectionView */,
			);
			path = FFYearCalendarView;
			sourceTree = "<group>";
		};
		E2B58C591AA90A280072F713 /* FFYearCollectionView */ = {
			isa = PBXGroup;
			children = (
				E2B58C5A1AA90A280072F713 /* FFYearCell */,
				E2B58C641AA90A280072F713 /* FFYearCollectionView.h */,
				E2B58C651AA90A280072F713 /* FFYearCollectionView.m */,
				E2B58C661AA90A280072F713 /* FFYearCollectionViewFlowLayout.h */,
				E2B58C671AA90A280072F713 /* FFYearCollectionViewFlowLayout.m */,
			);
			path = FFYearCollectionView;
			sourceTree = "<group>";
		};
		E2B58C5A1AA90A280072F713 /* FFYearCell */ = {
			isa = PBXGroup;
			children = (
				E2B58C5B1AA90A280072F713 /* FFMonthCollectionViewForYearCell */,
				E2B58C621AA90A280072F713 /* FFYearCell.h */,
				E2B58C631AA90A280072F713 /* FFYearCell.m */,
			);
			path = FFYearCell;
			sourceTree = "<group>";
		};
		E2B58C5B1AA90A280072F713 /* FFMonthCollectionViewForYearCell */ = {
			isa = PBXGroup;
			children = (
				E2B58C5C1AA90A280072F713 /* FFHeaderMonthForYearCell.h */,
				E2B58C5D1AA90A280072F713 /* FFHeaderMonthForYearCell.m */,
				E2B58C5E1AA90A280072F713 /* FFMonthCellForYearCell.h */,
				E2B58C5F1AA90A280072F713 /* FFMonthCellForYearCell.m */,
				E2B58C601AA90A280072F713 /* FFMonthCollectionViewForYearCell.h */,
				E2B58C611AA90A280072F713 /* FFMonthCollectionViewForYearCell.m */,
			);
			path = FFMonthCollectionViewForYearCell;
			sourceTree = "<group>";
		};
		E2B58C681AA90A280072F713 /* Util */ = {
			isa = PBXGroup;
			children = (
				E2B58C691AA90A280072F713 /* FFBlue and FFRed Buttons */,
				E2B58C6E1AA90A280072F713 /* FFCategories */,
				E2B58C771AA90A280072F713 /* FFConstants.h */,
				E2B58C781AA90A280072F713 /* FFDateManeger */,
				E2B58C7B1AA90A280072F713 /* FFEvent */,
				E2B58C7E1AA90A280072F713 /* FFEventDetail and FFEditEvent Views and Popovers */,
				E2B58C9B1AA90A280072F713 /* FFImportantFilesForCalendar.h */,
				E2B58C9C1AA90A280072F713 /* Images */,
			);
			path = Util;
			sourceTree = "<group>";
		};
		E2B58C691AA90A280072F713 /* FFBlue and FFRed Buttons */ = {
			isa = PBXGroup;
			children = (
				E2B58C6A1AA90A280072F713 /* FFBlueButton.h */,
				E2B58C6B1AA90A280072F713 /* FFBlueButton.m */,
				E2B58C6C1AA90A280072F713 /* FFRedAndWhiteButton.h */,
				E2B58C6D1AA90A280072F713 /* FFRedAndWhiteButton.m */,
			);
			path = "FFBlue and FFRed Buttons";
			sourceTree = "<group>";
		};
		E2B58C6E1AA90A280072F713 /* FFCategories */ = {
			isa = PBXGroup;
			children = (
				E2B58C6F1AA90A280072F713 /* NSDate+FFDaysCount.h */,
				E2B58C701AA90A280072F713 /* NSDate+FFDaysCount.m */,
				E2B58C711AA90A280072F713 /* UIColor+FFMoreColors.h */,
				E2B58C721AA90A280072F713 /* UIColor+FFMoreColors.m */,
				E2B58C731AA90A280072F713 /* UIImage+FFCustomMethods.h */,
				E2B58C741AA90A280072F713 /* UIImage+FFCustomMethods.m */,
				E2B58C751AA90A280072F713 /* UILabel+FFCustomMethods.h */,
				E2B58C761AA90A280072F713 /* UILabel+FFCustomMethods.m */,
			);
			path = FFCategories;
			sourceTree = "<group>";
		};
		E2B58C781AA90A280072F713 /* FFDateManeger */ = {
			isa = PBXGroup;
			children = (
				E2B58C791AA90A280072F713 /* FFDateManager.h */,
				E2B58C7A1AA90A280072F713 /* FFDateManager.m */,
			);
			path = FFDateManeger;
			sourceTree = "<group>";
		};
		E2B58C7B1AA90A280072F713 /* FFEvent */ = {
			isa = PBXGroup;
			children = (
				E2B58C7C1AA90A280072F713 /* FFEvent.h */,
				E2B58C7D1AA90A280072F713 /* FFEvent.m */,
			);
			path = FFEvent;
			sourceTree = "<group>";
		};
		E2B58C7E1AA90A280072F713 /* FFEventDetail and FFEditEvent Views and Popovers */ = {
			isa = PBXGroup;
			children = (
				E2B58C7F1AA90A280072F713 /* FFEditEvent View and Popover */,
				E2B58C961AA90A280072F713 /* FFEventDetail View and Popover */,
			);
			path = "FFEventDetail and FFEditEvent Views and Popovers";
			sourceTree = "<group>";
		};
		E2B58C7F1AA90A280072F713 /* FFEditEvent View and Popover */ = {
			isa = PBXGroup;
			children = (
				E2B58C801AA90A280072F713 /* FFButtonWithDatePopover */,
				E2B58C851AA90A280072F713 /* FFButtonWithTimePopover */,
				E2B58C8A1AA90A280072F713 /* FFEditEventPopoverController.h */,
				E2B58C8B1AA90A280072F713 /* FFEditEventPopoverController.m */,
				E2B58C8C1AA90A280072F713 /* FFEditEventView.h */,
				E2B58C8D1AA90A280072F713 /* FFEditEventView.m */,
				E2B58C8E1AA90A280072F713 /* FFGuestsTableViewCell */,
				E2B58C931AA90A280072F713 /* FFSearchBarWithAutoComplete */,
			);
			path = "FFEditEvent View and Popover";
			sourceTree = "<group>";
		};
		E2B58C801AA90A280072F713 /* FFButtonWithDatePopover */ = {
			isa = PBXGroup;
			children = (
				E2B58C811AA90A280072F713 /* FFButtonWithDatePopover.h */,
				E2B58C821AA90A280072F713 /* FFButtonWithDatePopover.m */,
				E2B58C831AA90A280072F713 /* FFDatePopoverController.h */,
				E2B58C841AA90A280072F713 /* FFDatePopoverController.m */,
			);
			path = FFButtonWithDatePopover;
			sourceTree = "<group>";
		};
		E2B58C851AA90A280072F713 /* FFButtonWithTimePopover */ = {
			isa = PBXGroup;
			children = (
				E2B58C861AA90A280072F713 /* FFButtonWithHourPopover.h */,
				E2B58C871AA90A280072F713 /* FFButtonWithHourPopover.m */,
				E2B58C881AA90A280072F713 /* FFHourPopoverController.h */,
				E2B58C891AA90A280072F713 /* FFHourPopoverController.m */,
			);
			path = FFButtonWithTimePopover;
			sourceTree = "<group>";
		};
		E2B58C8E1AA90A280072F713 /* FFGuestsTableViewCell */ = {
			isa = PBXGroup;
			children = (
				E2B58C8F1AA90A280072F713 /* FFGuestsTableView.h */,
				E2B58C901AA90A280072F713 /* FFGuestsTableView.m */,
				E2B58C911AA90A280072F713 /* FFGuestsTableViewCell.h */,
				E2B58C921AA90A280072F713 /* FFGuestsTableViewCell.m */,
			);
			path = FFGuestsTableViewCell;
			sourceTree = "<group>";
		};
		E2B58C931AA90A280072F713 /* FFSearchBarWithAutoComplete */ = {
			isa = PBXGroup;
			children = (
				E2B58C941AA90A280072F713 /* FFSearchBarWithAutoComplete.h */,
				E2B58C951AA90A280072F713 /* FFSearchBarWithAutoComplete.m */,
			);
			path = FFSearchBarWithAutoComplete;
			sourceTree = "<group>";
		};
		E2B58C961AA90A280072F713 /* FFEventDetail View and Popover */ = {
			isa = PBXGroup;
			children = (
				E2B58C971AA90A280072F713 /* FFEventDetailPopoverController.h */,
				E2B58C981AA90A280072F713 /* FFEventDetailPopoverController.m */,
				E2B58C991AA90A280072F713 /* FFEventDetailView.h */,
				E2B58C9A1AA90A280072F713 /* FFEventDetailView.m */,
			);
			path = "FFEventDetail View and Popover";
			sourceTree = "<group>";
		};
		E2B58C9C1AA90A280072F713 /* Images */ = {
			isa = PBXGroup;
			children = (
				E2B58C9D1AA90A280072F713 /* blackCircle.png */,
				E2B58C9E1AA90A280072F713 /* DailyCalendar.png */,
				E2B58C9F1AA90A280072F713 /* MonthlyCalendar.png */,
				E2B58CA01AA90A280072F713 /* redCircle.png */,
				E2B58CA11AA90A280072F713 /* WeeklyCalendar.png */,
				E2B58CA21AA90A280072F713 /* YearlyCalendar.png */,
			);
			path = Images;
			sourceTree = "<group>";
		};
/* End PBXGroup section */

/* Begin PBXNativeTarget section */
		E27611E41A8C244B00135601 /* MTech_iPadApp */ = {
			isa = PBXNativeTarget;
			buildConfigurationList = E276120B1A8C244B00135601 /* Build configuration list for PBXNativeTarget "MTech_iPadApp" */;
			buildPhases = (
				E27611E11A8C244B00135601 /* Sources */,
				E27611E21A8C244B00135601 /* Frameworks */,
				E27611E31A8C244B00135601 /* Resources */,
			);
			buildRules = (
			);
			dependencies = (
			);
			name = MTech_iPadApp;
			productName = MTech_iPadApp;
			productReference = E27611E51A8C244B00135601 /* MTech_iPadApp.app */;
			productType = "com.apple.product-type.application";
		};
		E27612001A8C244B00135601 /* MTech_iPadAppTests */ = {
			isa = PBXNativeTarget;
			buildConfigurationList = E276120E1A8C244B00135601 /* Build configuration list for PBXNativeTarget "MTech_iPadAppTests" */;
			buildPhases = (
				E27611FD1A8C244B00135601 /* Sources */,
				E27611FE1A8C244B00135601 /* Frameworks */,
				E27611FF1A8C244B00135601 /* Resources */,
			);
			buildRules = (
			);
			dependencies = (
				E27612031A8C244B00135601 /* PBXTargetDependency */,
			);
			name = MTech_iPadAppTests;
			productName = MTech_iPadAppTests;
			productReference = E27612011A8C244B00135601 /* MTech_iPadAppTests.xctest */;
			productType = "com.apple.product-type.bundle.unit-test";
		};
/* End PBXNativeTarget section */

/* Begin PBXProject section */
		E27611DD1A8C244B00135601 /* Project object */ = {
			isa = PBXProject;
			attributes = {
				LastUpgradeCheck = 0610;
				ORGANIZATIONNAME = nyu.edu;
				TargetAttributes = {
					E27611E41A8C244B00135601 = {
						CreatedOnToolsVersion = 6.1.1;
					};
					E27612001A8C244B00135601 = {
						CreatedOnToolsVersion = 6.1.1;
						TestTargetID = E27611E41A8C244B00135601;
					};
				};
			};
			buildConfigurationList = E27611E01A8C244B00135601 /* Build configuration list for PBXProject "MTech_iPadApp" */;
			compatibilityVersion = "Xcode 3.2";
			developmentRegion = English;
			hasScannedForEncodings = 0;
			knownRegions = (
				en,
				Base,
			);
			mainGroup = E27611DC1A8C244B00135601;
			productRefGroup = E27611E61A8C244B00135601 /* Products */;
			projectDirPath = "";
			projectRoot = "";
			targets = (
				E27611E41A8C244B00135601 /* MTech_iPadApp */,
				E27612001A8C244B00135601 /* MTech_iPadAppTests */,
			);
		};
/* End PBXProject section */

/* Begin PBXResourcesBuildPhase section */
		E27611E31A8C244B00135601 /* Resources */ = {
			isa = PBXResourcesBuildPhase;
			buildActionMask = 2147483647;
			files = (
				E2B58CD81AA90A280072F713 /* WeeklyCalendar.png in Resources */,
				E27611F71A8C244B00135601 /* Main.storyboard in Resources */,
				E2B58CD41AA90A280072F713 /* blackCircle.png in Resources */,
				E27611FC1A8C244B00135601 /* LaunchScreen.xib in Resources */,
				E27611F91A8C244B00135601 /* Images.xcassets in Resources */,
				E2B58CD91AA90A280072F713 /* YearlyCalendar.png in Resources */,
				E2B58CD71AA90A280072F713 /* redCircle.png in Resources */,
				E2B58CD51AA90A280072F713 /* DailyCalendar.png in Resources */,
				E2B58CD61AA90A280072F713 /* MonthlyCalendar.png in Resources */,
			);
			runOnlyForDeploymentPostprocessing = 0;
		};
		E27611FF1A8C244B00135601 /* Resources */ = {
			isa = PBXResourcesBuildPhase;
			buildActionMask = 2147483647;
			files = (
			);
			runOnlyForDeploymentPostprocessing = 0;
		};
/* End PBXResourcesBuildPhase section */

/* Begin PBXSourcesBuildPhase section */
		E27611E11A8C244B00135601 /* Sources */ = {
			isa = PBXSourcesBuildPhase;
			buildActionMask = 2147483647;
			files = (
				E2B58CC71AA90A280072F713 /* FFDateManager.m in Sources */,
				E2B58CAF1AA90A280072F713 /* FFMonthCollectionViewFlowLayout.m in Sources */,
				E2B58CC81AA90A280072F713 /* FFEvent.m in Sources */,
				E2B58CA61AA90A280072F713 /* FFDayHeaderCollectionView.m in Sources */,
				E2B58CAC1AA90A280072F713 /* FFButtonWithEditAndDetailPopoversForMonthCell.m in Sources */,
				E2B58CC21AA90A280072F713 /* FFRedAndWhiteButton.m in Sources */,
				E2B58CB71AA90A280072F713 /* FFWeekCollectionView.m in Sources */,
				E2B58CC01AA90A280072F713 /* FFYearCollectionViewFlowLayout.m in Sources */,
				E2B58CD11AA90A280072F713 /* FFSearchBarWithAutoComplete.m in Sources */,
				E2B58CD31AA90A280072F713 /* FFEventDetailView.m in Sources */,
				E2B58CBE1AA90A280072F713 /* FFYearCell.m in Sources */,
				E2B58CA81AA90A280072F713 /* FFDayCollectionView.m in Sources */,
				E2B58CCB1AA90A280072F713 /* FFButtonWithHourPopover.m in Sources */,
				E2E7988A1AB76F9A00F07180 /* InfoViewController.m in Sources */,
				E2B58CC41AA90A280072F713 /* UIColor+FFMoreColors.m in Sources */,
				E2B58CB51AA90A280072F713 /* FFViewWithHourLines.m in Sources */,
				E27611F41A8C244B00135601 /* FeedViewController.m in Sources */,
				E2B58CA41AA90A280072F713 /* FFDayHeaderButton.m in Sources */,
				E2B58CB61AA90A280072F713 /* FFWeekCell.m in Sources */,
				E2B58CD01AA90A280072F713 /* FFGuestsTableViewCell.m in Sources */,
				E2B58CA91AA90A280072F713 /* FFDayCollectionViewFlowLayout.m in Sources */,
				E2B58CB41AA90A280072F713 /* FFHourAndMinLabel.m in Sources */,
				E2B58CAD1AA90A280072F713 /* FFMonthCell.m in Sources */,
				E2B58CC61AA90A280072F713 /* UILabel+FFCustomMethods.m in Sources */,
				E2B58CB91AA90A280072F713 /* FFWeekScrollView.m in Sources */,
				E2B58CBA1AA90A280072F713 /* FFYearCalendarView.m in Sources */,
				E2B58CCA1AA90A280072F713 /* FFDatePopoverController.m in Sources */,
				E2B58CB31AA90A280072F713 /* FFWeekHeaderCollectionView.m in Sources */,
				E2B58CA31AA90A280072F713 /* FFDayCalendarView.m in Sources */,
				E2B58CC11AA90A280072F713 /* FFBlueButton.m in Sources */,
				E27611EE1A8C244B00135601 /* AppDelegate.m in Sources */,
				E2B58CCE1AA90A280072F713 /* FFEditEventView.m in Sources */,
				E2B58CB11AA90A280072F713 /* FFWeekCalendarView.m in Sources */,
				E2B58CDC1AA90E3B0072F713 /* RootViewController.m in Sources */,
				E27611F11A8C244B00135601 /* CalendarViewController.m in Sources */,
				E2B58CC51AA90A280072F713 /* UIImage+FFCustomMethods.m in Sources */,
				E2B58CC91AA90A280072F713 /* FFButtonWithDatePopover.m in Sources */,
				E2B58CAA1AA90A280072F713 /* FFDayScrollView.m in Sources */,
				E2B58CCF1AA90A280072F713 /* FFGuestsTableView.m in Sources */,
				E2B58CAE1AA90A280072F713 /* FFMonthCollectionView.m in Sources */,
				E2B58CB21AA90A280072F713 /* FFWeekHeaderCell.m in Sources */,
				E2235E761AC109E1008C6234 /* MTechCalViewController.m in Sources */,
				E2B58CB81AA90A280072F713 /* FFWeekCollectionViewFlowLayout.m in Sources */,
				E2B58CA51AA90A280072F713 /* FFDayHeaderCell.m in Sources */,
				E2B58CB01AA90A280072F713 /* FFMonthHeaderView.m in Sources */,
				E27611EB1A8C244B00135601 /* main.m in Sources */,
				E2B58CCD1AA90A280072F713 /* FFEditEventPopoverController.m in Sources */,
				E2B58CBB1AA90A280072F713 /* FFHeaderMonthForYearCell.m in Sources */,
				E2B58CCC1AA90A280072F713 /* FFHourPopoverController.m in Sources */,
				E2B58CC31AA90A280072F713 /* NSDate+FFDaysCount.m in Sources */,
				E2B58CD21AA90A280072F713 /* FFEventDetailPopoverController.m in Sources */,
				E2B58CA71AA90A280072F713 /* FFDayCell.m in Sources */,
				E2B58CAB1AA90A280072F713 /* FFMonthCalendarView.m in Sources */,
				E2B58CBD1AA90A280072F713 /* FFMonthCollectionViewForYearCell.m in Sources */,
				E2B58CBF1AA90A280072F713 /* FFYearCollectionView.m in Sources */,
				E2B58CBC1AA90A280072F713 /* FFMonthCellForYearCell.m in Sources */,
			);
			runOnlyForDeploymentPostprocessing = 0;
		};
		E27611FD1A8C244B00135601 /* Sources */ = {
			isa = PBXSourcesBuildPhase;
			buildActionMask = 2147483647;
			files = (
				E27612081A8C244B00135601 /* MTech_iPadAppTests.m in Sources */,
			);
			runOnlyForDeploymentPostprocessing = 0;
		};
/* End PBXSourcesBuildPhase section */

/* Begin PBXTargetDependency section */
		E27612031A8C244B00135601 /* PBXTargetDependency */ = {
			isa = PBXTargetDependency;
			target = E27611E41A8C244B00135601 /* MTech_iPadApp */;
			targetProxy = E27612021A8C244B00135601 /* PBXContainerItemProxy */;
		};
/* End PBXTargetDependency section */

/* Begin PBXVariantGroup section */
		E27611F51A8C244B00135601 /* Main.storyboard */ = {
			isa = PBXVariantGroup;
			children = (
				E27611F61A8C244B00135601 /* Base */,
			);
			name = Main.storyboard;
			sourceTree = "<group>";
		};
		E27611FA1A8C244B00135601 /* LaunchScreen.xib */ = {
			isa = PBXVariantGroup;
			children = (
				E27611FB1A8C244B00135601 /* Base */,
			);
			name = LaunchScreen.xib;
			sourceTree = "<group>";
		};
/* End PBXVariantGroup section */

/* Begin XCBuildConfiguration section */
		E27612091A8C244B00135601 /* Debug */ = {
			isa = XCBuildConfiguration;
			buildSettings = {
				ALWAYS_SEARCH_USER_PATHS = NO;
				CLANG_CXX_LANGUAGE_STANDARD = "gnu++0x";
				CLANG_CXX_LIBRARY = "libc++";
				CLANG_ENABLE_MODULES = YES;
				CLANG_ENABLE_OBJC_ARC = YES;
				CLANG_WARN_BOOL_CONVERSION = YES;
				CLANG_WARN_CONSTANT_CONVERSION = YES;
				CLANG_WARN_DIRECT_OBJC_ISA_USAGE = YES_ERROR;
				CLANG_WARN_EMPTY_BODY = YES;
				CLANG_WARN_ENUM_CONVERSION = YES;
				CLANG_WARN_INT_CONVERSION = YES;
				CLANG_WARN_OBJC_ROOT_CLASS = YES_ERROR;
				CLANG_WARN_UNREACHABLE_CODE = YES;
				CLANG_WARN__DUPLICATE_METHOD_MATCH = YES;
				"CODE_SIGN_IDENTITY[sdk=iphoneos*]" = "iPhone Developer";
				COPY_PHASE_STRIP = NO;
				ENABLE_STRICT_OBJC_MSGSEND = YES;
				GCC_C_LANGUAGE_STANDARD = gnu99;
				GCC_DYNAMIC_NO_PIC = NO;
				GCC_OPTIMIZATION_LEVEL = 0;
				GCC_PREPROCESSOR_DEFINITIONS = (
					"DEBUG=1",
					"$(inherited)",
				);
				GCC_SYMBOLS_PRIVATE_EXTERN = NO;
				GCC_WARN_64_TO_32_BIT_CONVERSION = YES;
				GCC_WARN_ABOUT_RETURN_TYPE = YES_ERROR;
				GCC_WARN_UNDECLARED_SELECTOR = YES;
				GCC_WARN_UNINITIALIZED_AUTOS = YES_AGGRESSIVE;
				GCC_WARN_UNUSED_FUNCTION = YES;
				GCC_WARN_UNUSED_VARIABLE = YES;
				IPHONEOS_DEPLOYMENT_TARGET = 8.1;
				MTL_ENABLE_DEBUG_INFO = YES;
				ONLY_ACTIVE_ARCH = YES;
				SDKROOT = iphoneos;
				TARGETED_DEVICE_FAMILY = 2;
			};
			name = Debug;
		};
		E276120A1A8C244B00135601 /* Release */ = {
			isa = XCBuildConfiguration;
			buildSettings = {
				ALWAYS_SEARCH_USER_PATHS = NO;
				CLANG_CXX_LANGUAGE_STANDARD = "gnu++0x";
				CLANG_CXX_LIBRARY = "libc++";
				CLANG_ENABLE_MODULES = YES;
				CLANG_ENABLE_OBJC_ARC = YES;
				CLANG_WARN_BOOL_CONVERSION = YES;
				CLANG_WARN_CONSTANT_CONVERSION = YES;
				CLANG_WARN_DIRECT_OBJC_ISA_USAGE = YES_ERROR;
				CLANG_WARN_EMPTY_BODY = YES;
				CLANG_WARN_ENUM_CONVERSION = YES;
				CLANG_WARN_INT_CONVERSION = YES;
				CLANG_WARN_OBJC_ROOT_CLASS = YES_ERROR;
				CLANG_WARN_UNREACHABLE_CODE = YES;
				CLANG_WARN__DUPLICATE_METHOD_MATCH = YES;
				"CODE_SIGN_IDENTITY[sdk=iphoneos*]" = "iPhone Developer";
				COPY_PHASE_STRIP = YES;
				ENABLE_NS_ASSERTIONS = NO;
				ENABLE_STRICT_OBJC_MSGSEND = YES;
				GCC_C_LANGUAGE_STANDARD = gnu99;
				GCC_WARN_64_TO_32_BIT_CONVERSION = YES;
				GCC_WARN_ABOUT_RETURN_TYPE = YES_ERROR;
				GCC_WARN_UNDECLARED_SELECTOR = YES;
				GCC_WARN_UNINITIALIZED_AUTOS = YES_AGGRESSIVE;
				GCC_WARN_UNUSED_FUNCTION = YES;
				GCC_WARN_UNUSED_VARIABLE = YES;
				IPHONEOS_DEPLOYMENT_TARGET = 8.1;
				MTL_ENABLE_DEBUG_INFO = NO;
				SDKROOT = iphoneos;
				TARGETED_DEVICE_FAMILY = 2;
				VALIDATE_PRODUCT = YES;
			};
			name = Release;
		};
		E276120C1A8C244B00135601 /* Debug */ = {
			isa = XCBuildConfiguration;
			buildSettings = {
				ASSETCATALOG_COMPILER_APPICON_NAME = AppIcon;
				INFOPLIST_FILE = MTech_iPadApp/Info.plist;
				IPHONEOS_DEPLOYMENT_TARGET = 8.1;
				LD_RUNPATH_SEARCH_PATHS = "$(inherited) @executable_path/Frameworks";
				PRODUCT_NAME = "$(TARGET_NAME)";
				SDKROOT = iphoneos8.1;
			};
			name = Debug;
		};
		E276120D1A8C244B00135601 /* Release */ = {
			isa = XCBuildConfiguration;
			buildSettings = {
				ASSETCATALOG_COMPILER_APPICON_NAME = AppIcon;
				INFOPLIST_FILE = MTech_iPadApp/Info.plist;
				IPHONEOS_DEPLOYMENT_TARGET = 8.1;
				LD_RUNPATH_SEARCH_PATHS = "$(inherited) @executable_path/Frameworks";
				PRODUCT_NAME = "$(TARGET_NAME)";
				SDKROOT = iphoneos8.1;
			};
			name = Release;
		};
		E276120F1A8C244B00135601 /* Debug */ = {
			isa = XCBuildConfiguration;
			buildSettings = {
				BUNDLE_LOADER = "$(TEST_HOST)";
				FRAMEWORK_SEARCH_PATHS = (
					"$(SDKROOT)/Developer/Library/Frameworks",
					"$(inherited)",
				);
				GCC_PREPROCESSOR_DEFINITIONS = (
					"DEBUG=1",
					"$(inherited)",
				);
				INFOPLIST_FILE = MTech_iPadAppTests/Info.plist;
				LD_RUNPATH_SEARCH_PATHS = "$(inherited) @executable_path/Frameworks @loader_path/Frameworks";
				PRODUCT_NAME = "$(TARGET_NAME)";
				TEST_HOST = "$(BUILT_PRODUCTS_DIR)/MTech_iPadApp.app/MTech_iPadApp";
			};
			name = Debug;
		};
		E27612101A8C244B00135601 /* Release */ = {
			isa = XCBuildConfiguration;
			buildSettings = {
				BUNDLE_LOADER = "$(TEST_HOST)";
				FRAMEWORK_SEARCH_PATHS = (
					"$(SDKROOT)/Developer/Library/Frameworks",
					"$(inherited)",
				);
				INFOPLIST_FILE = MTech_iPadAppTests/Info.plist;
				LD_RUNPATH_SEARCH_PATHS = "$(inherited) @executable_path/Frameworks @loader_path/Frameworks";
				PRODUCT_NAME = "$(TARGET_NAME)";
				TEST_HOST = "$(BUILT_PRODUCTS_DIR)/MTech_iPadApp.app/MTech_iPadApp";
			};
			name = Release;
		};
/* End XCBuildConfiguration section */

/* Begin XCConfigurationList section */
		E27611E01A8C244B00135601 /* Build configuration list for PBXProject "MTech_iPadApp" */ = {
			isa = XCConfigurationList;
			buildConfigurations = (
				E27612091A8C244B00135601 /* Debug */,
				E276120A1A8C244B00135601 /* Release */,
			);
			defaultConfigurationIsVisible = 0;
			defaultConfigurationName = Release;
		};
		E276120B1A8C244B00135601 /* Build configuration list for PBXNativeTarget "MTech_iPadApp" */ = {
			isa = XCConfigurationList;
			buildConfigurations = (
				E276120C1A8C244B00135601 /* Debug */,
				E276120D1A8C244B00135601 /* Release */,
			);
			defaultConfigurationIsVisible = 0;
			defaultConfigurationName = Release;
		};
		E276120E1A8C244B00135601 /* Build configuration list for PBXNativeTarget "MTech_iPadAppTests" */ = {
			isa = XCConfigurationList;
			buildConfigurations = (
				E276120F1A8C244B00135601 /* Debug */,
				E27612101A8C244B00135601 /* Release */,
			);
			defaultConfigurationIsVisible = 0;
			defaultConfigurationName = Release;
		};
/* End XCConfigurationList section */
	};
	rootObject = E27611DD1A8C244B00135601 /* Project object */;
}
